
Microsoft Visual Studio Solution File, Format Version 12.00
# Visual Studio Version 16
VisualStudioVersion = 16.0.31624.102
MinimumVisualStudioVersion = 10.0.40219.1
Project("{FAE04EC0-301F-11D3-BF4B-00C04F79EFBC}") = "alg_11_v2", "alg_11_v2\alg_11_v2.csproj", "{1DC00810-7D3E-4300-8589-B162FA90BAEA}"
EndProject
Global
	GlobalSection(SolutionConfigurationPlatforms) = preSolution
		Debug|Any CPU = Debug|Any CPU
		Release|Any CPU = Release|Any CPU
	EndGlobalSection
	GlobalSection(ProjectConfigurationPlatforms) = postSolution
		{1DC00810-7D3E-4300-8589-B162FA90BAEA}.Debug|Any CPU.ActiveCfg = Debug|Any CPU
		{1DC00810-7D3E-4300-8589-B162FA90BAEA}.Debug|Any CPU.Build.0 = Debug|Any CPU
		{1DC00810-7D3E-4300-8589-B162FA90BAEA}.Release|Any CPU.ActiveCfg = Release|Any CPU
		{1DC00810-7D3E-4300-8589-B162FA90BAEA}.Release|Any CPU.Build.0 = Release|Any CPU
	EndGlobalSection
	GlobalSection(SolutionProperties) = preSolution
		HideSolutionNode = FALSE
	EndGlobalSection
	GlobalSection(ExtensibilityGlobals) = postSolution
		SolutionGuid = {EA30FFDF-6EAA-4E26-89D3-3375C8F28D8C}
	EndGlobalSection
EndGlobal
